
Microsoft Visual Studio Solution File, Format Version 12.00
# Visual Studio 14
VisualStudioVersion = 14.0.23107.0
MinimumVisualStudioVersion = 10.0.40219.1
Project("{FAE04EC0-301F-11D3-BF4B-00C04F79EFBC}") = "EnitityLocator", "EnitityLocator\EnitityLocator.csproj", "{E515D43E-A694-4761-B203-C790F0532552}"
EndProject
Project("{FAE04EC0-301F-11D3-BF4B-00C04F79EFBC}") = "EnitityLocator.Tests", "EnitityLocator.Tests\EnitityLocator.Tests.csproj", "{88512106-E5D5-4905-9BB2-418C3526A9FD}"
EndProject
Project("{FAE04EC0-301F-11D3-BF4B-00C04F79EFBC}") = "EntityLocator.Domain", "EntityLocator.Domain\EntityLocator.Domain.csproj", "{8DCC0978-3E44-48A8-8C75-348F44F99994}"
EndProject
Project("{FAE04EC0-301F-11D3-BF4B-00C04F79EFBC}") = "EntityLocatorData", "EntityLocatorData\EntityLocatorData.csproj", "{486F11FD-2173-4EEA-BD2B-07BC850935E8}"
EndProject
Global
	GlobalSection(SolutionConfigurationPlatforms) = preSolution
		Debug|Any CPU = Debug|Any CPU
		Release|Any CPU = Release|Any CPU
	EndGlobalSection
	GlobalSection(ProjectConfigurationPlatforms) = postSolution
		{E515D43E-A694-4761-B203-C790F0532552}.Debug|Any CPU.ActiveCfg = Debug|Any CPU
		{E515D43E-A694-4761-B203-C790F0532552}.Debug|Any CPU.Build.0 = Debug|Any CPU
		{E515D43E-A694-4761-B203-C790F0532552}.Release|Any CPU.ActiveCfg = Release|Any CPU
		{E515D43E-A694-4761-B203-C790F0532552}.Release|Any CPU.Build.0 = Release|Any CPU
		{88512106-E5D5-4905-9BB2-418C3526A9FD}.Debug|Any CPU.ActiveCfg = Debug|Any CPU
		{88512106-E5D5-4905-9BB2-418C3526A9FD}.Debug|Any CPU.Build.0 = Debug|Any CPU
		{88512106-E5D5-4905-9BB2-418C3526A9FD}.Release|Any CPU.ActiveCfg = Release|Any CPU
		{88512106-E5D5-4905-9BB2-418C3526A9FD}.Release|Any CPU.Build.0 = Release|Any CPU
		{8DCC0978-3E44-48A8-8C75-348F44F99994}.Debug|Any CPU.ActiveCfg = Debug|Any CPU
		{8DCC0978-3E44-48A8-8C75-348F44F99994}.Debug|Any CPU.Build.0 = Debug|Any CPU
		{8DCC0978-3E44-48A8-8C75-348F44F99994}.Release|Any CPU.ActiveCfg = Release|Any CPU
		{8DCC0978-3E44-48A8-8C75-348F44F99994}.Release|Any CPU.Build.0 = Release|Any CPU
		{486F11FD-2173-4EEA-BD2B-07BC850935E8}.Debug|Any CPU.ActiveCfg = Debug|Any CPU
		{486F11FD-2173-4EEA-BD2B-07BC850935E8}.Debug|Any CPU.Build.0 = Debug|Any CPU
		{486F11FD-2173-4EEA-BD2B-07BC850935E8}.Release|Any CPU.ActiveCfg = Release|Any CPU
		{486F11FD-2173-4EEA-BD2B-07BC850935E8}.Release|Any CPU.Build.0 = Release|Any CPU
	EndGlobalSection
	GlobalSection(SolutionProperties) = preSolution
		HideSolutionNode = FALSE
	EndGlobalSection
EndGlobal
